<?xml version="1.0" encoding="utf-8"?>
<Project ToolsVersion="4.0" xmlns="http://schemas.microsoft.com/developer/msbuild/2003">
  <ItemGroup>
    <Filter Include="Source Files">
      <UniqueIdentifier>{4FC737F1-C7A5-4376-A066-2A32D752A2FF}</UniqueIdentifier>
      <Extensions>cpp;c;cc;cxx;def;odl;idl;hpj;bat;asm;asmx</Extensions>
    </Filter>
    <Filter Include="Header Files">
      <UniqueIdentifier>{93995380-89BD-4b04-88EB-625FBE52EBFB}</UniqueIdentifier>
      <Extensions>h;hh;hpp;hxx;hm;inl;inc;xsd</Extensions>
    </Filter>
    <Filter Include="Resource Files">
      <UniqueIdentifier>{67DA6AB6-F800-4c08-8B7A-83BB121AAD01}</UniqueIdentifier>
      <Extensions>rc;ico;cur;bmp;dlg;rc2;rct;bin;rgs;gif;jpg;jpeg;jpe;resx;tiff;tif;png;wav;mfcribbon-ms</Extensions>
    </Filter>
    <Filter Include="Header Files\TinyXML">
      <UniqueIdentifier>{629d354d-0da4-4f5e-b487-0a5fb5c89a27}</UniqueIdentifier>
    </Filter>
    <Filter Include="Resource Files\TinyXML">
      <UniqueIdentifier>{4a35f903-f6dd-460e-8f18-bb77bb91162f}</UniqueIdentifier>
    </Filter>
  </ItemGroup>
  <ItemGroup>
    <Text Include="ReadMe.txt" />
  </ItemGroup>
  <ItemGroup>
    <ClInclude Include="stdafx.h">
      <Filter>Header Files</Filter>
    </ClInclude>
    <ClInclude Include="targetver.h">
      <Filter>Header Files</Filter>
    </ClInclude>
    <ClInclude Include="TRSManager.h">
      <Filter>Header Files</Filter>
    </ClInclude>
    <ClInclude Include="TinyXML\tinystr.h">
      <Filter>Header Files\TinyXML</Filter>
    </ClInclude>
    <ClInclude Include="TinyXML\tinyxml.h">
      <Filter>Header Files\TinyXML</Filter>
    </ClInclude>
    <ClInclude Include="FunctionalityForXML.h">
      <Filter>Header Files</Filter>
    </ClInclude>
    <ClInclude Include="TRSInfo.h">
      <Filter>Header Files</Filter>
    </ClInclude>
    <ClInclude Include="Metadata.h">
      <Filter>Header Files</Filter>
    </ClInclude>
    <ClInclude Include="Suite.h">
      <Filter>Header Files</Filter>
    </ClInclude>
    <ClInclude Include="TRSTest.h">
      <Filter>Header Files</Filter>
    </ClInclude>
    <ClInclude Include="TRSResult.h">
      <Filter>Header Files</Filter>
    </ClInclude>
    <ClInclude Include="Erorrs.h">
      <Filter>Header Files</Filter>
    </ClInclude>
    <ClInclude Include="TRSReport.h">
      <Filter>Header Files</Filter>
    </ClInclude>
    <ClInclude Include="ReportManager.h">
      <Filter>Header Files</Filter>
    </ClInclude>
  </ItemGroup>
  <ItemGroup>
    <ClCompile Include="stdafx.cpp">
      <Filter>Source Files</Filter>
    </ClCompile>
    <ClCompile Include="TRSLibrary.cpp">
      <Filter>Source Files</Filter>
    </ClCompile>
    <ClCompile Include="dllmain.cpp">
      <Filter>Source Files</Filter>
    </ClCompile>
    <ClCompile Include="TRSManager.cpp">
      <Filter>Resource Files</Filter>
    </ClCompile>
    <ClCompile Include="TinyXML\tinystr.cpp">
      <Filter>Resource Files\TinyXML</Filter>
    </ClCompile>
    <ClCompile Include="TinyXML\tinyxml.cpp">
      <Filter>Resource Files\TinyXML</Filter>
    </ClCompile>
    <ClCompile Include="TinyXML\tinyxmlerror.cpp">
      <Filter>Resource Files\TinyXML</Filter>
    </ClCompile>
    <ClCompile Include="TinyXML\tinyxmlparser.cpp">
      <Filter>Resource Files\TinyXML</Filter>
    </ClCompile>
    <ClCompile Include="FunctionalityForXML.cpp">
      <Filter>Source Files</Filter>
    </ClCompile>
    <ClCompile Include="Metadata.cpp">
      <Filter>Resource Files</Filter>
    </ClCompile>
    <ClCompile Include="TRSInfo.cpp">
      <Filter>Resource Files</Filter>
    </ClCompile>
    <ClCompile Include="Suite.cpp">
      <Filter>Header Files</Filter>
    </ClCompile>
    <ClCompile Include="TRSTest.cpp">
      <Filter>Resource Files</Filter>
    </ClCompile>
    <ClCompile Include="TRSResult.cpp">
      <Filter>Resource Files</Filter>
    </ClCompile>
    <ClCompile Include="ReportManager.cpp">
      <Filter>Resource Files</Filter>
    </ClCompile>
  </ItemGroup>
</Project>