<?xml version="1.0" encoding="utf-8"?>
<Project ToolsVersion="4.0" xmlns="http://schemas.microsoft.com/developer/msbuild/2003">
  <ItemGroup>
    <ClCompile Include="dllmain.cpp" />
    <ClCompile Include="FunctionalityForXML.cpp" />
    <ClCompile Include="Metadata.cpp" />
    <ClCompile Include="ReportManager.cpp" />
    <ClCompile Include="stdafx.cpp" />
    <ClCompile Include="TinyXML\tinystr.cpp" />
    <ClCompile Include="TinyXML\tinyxml.cpp" />
    <ClCompile Include="TinyXML\tinyxmlerror.cpp" />
    <ClCompile Include="TinyXML\tinyxmlparser.cpp" />
    <ClCompile Include="TRSLibrary.cpp" />
    <ClCompile Include="ProcessCollection.cpp">
      <Filter>Source Files</Filter>
    </ClCompile>
    <ClCompile Include="Suite.cpp">
      <Filter>Source Files</Filter>
    </ClCompile>
    <ClCompile Include="TRSInfo.cpp">
      <Filter>Source Files</Filter>
    </ClCompile>
    <ClCompile Include="TRSResult.cpp">
      <Filter>Source Files</Filter>
    </ClCompile>
    <ClCompile Include="TRSTest.cpp">
      <Filter>Source Files</Filter>
    </ClCompile>
    <ClCompile Include="TRSManager.cpp">
      <Filter>Source Files</Filter>
    </ClCompile>
    <ClCompile Include="ProcessInfo.cpp">
      <Filter>Source Files</Filter>
    </ClCompile>
  </ItemGroup>
  <ItemGroup>
    <ClInclude Include="Erorrs.h" />
    <ClInclude Include="FunctionalityForXML.h" />
    <ClInclude Include="Metadata.h" />
    <ClInclude Include="ReportManager.h" />
    <ClInclude Include="TRSReport.h" />
    <ClInclude Include="stdafx.h" />
    <ClInclude Include="targetver.h" />
    <ClInclude Include="TinyXML\tinystr.h" />
    <ClInclude Include="TinyXML\tinyxml.h" />
    <ClInclude Include="ProcessCollection.h">
      <Filter>Header Files</Filter>
    </ClInclude>
    <ClInclude Include="ProcessInfo.h">
      <Filter>Header Files</Filter>
    </ClInclude>
    <ClInclude Include="Suite.h">
      <Filter>Header Files</Filter>
    </ClInclude>
    <ClInclude Include="TRSInfo.h">
      <Filter>Header Files</Filter>
    </ClInclude>
    <ClInclude Include="TRSManager.h">
      <Filter>Header Files</Filter>
    </ClInclude>
    <ClInclude Include="TRSResult.h">
      <Filter>Header Files</Filter>
    </ClInclude>
    <ClInclude Include="TRSTest.h">
      <Filter>Header Files</Filter>
    </ClInclude>
  </ItemGroup>
  <ItemGroup>
    <Text Include="ReadMe.txt" />
  </ItemGroup>
  <ItemGroup>
    <Filter Include="Source Files">
      <UniqueIdentifier>{4cb05a51-d9e6-4c82-9daf-a1c07bfbc109}</UniqueIdentifier>
    </Filter>
    <Filter Include="Header Files">
      <UniqueIdentifier>{c9b60643-4919-46dd-954c-3a680f87acfa}</UniqueIdentifier>
    </Filter>
  </ItemGroup>
</Project>