
Microsoft Visual Studio Solution File, Format Version 12.00
# Visual Studio 2013
VisualStudioVersion = 12.0.21005.1
MinimumVisualStudioVersion = 10.0.40219.1
Project("{8BC9CEB8-8B4A-11D0-8D11-00A0C91BC942}") = "Console", "Console\Console.vcxproj", "{9072C8D4-AF7C-4C58-BFBF-0FC494CD5177}"
	ProjectSection(ProjectDependencies) = postProject
		{1BC6F5E1-F69B-4540-9E08-6C2CB29B2CD2} = {1BC6F5E1-F69B-4540-9E08-6C2CB29B2CD2}
	EndProjectSection
EndProject
Project("{8BC9CEB8-8B4A-11D0-8D11-00A0C91BC942}") = "UnitTest", "UnitTest\UnitTest.vcxproj", "{D77323F1-AEDE-4AF1-AC83-BE0E9A0EE253}"
EndProject
Project("{8BC9CEB8-8B4A-11D0-8D11-00A0C91BC942}") = "TRSLibrary", "TRSLibrary\TRSLibrary.vcxproj", "{1BC6F5E1-F69B-4540-9E08-6C2CB29B2CD2}"
EndProject
Project("{8BC9CEB8-8B4A-11D0-8D11-00A0C91BC942}") = "FoldersCreator", "FoldersCreator\FoldersCreator.vcxproj", "{926C4E25-EECA-4DFC-BA00-4AA52596E174}"
EndProject
Project("{8BC9CEB8-8B4A-11D0-8D11-00A0C91BC942}") = "CreateExe", "CreateExe\CreateExe.vcxproj", "{46BE37A3-ED2E-4D50-9CD8-5C174FA357F7}"
EndProject
Global
	GlobalSection(SolutionConfigurationPlatforms) = preSolution
		Debug|Win32 = Debug|Win32
		Release|Win32 = Release|Win32
	EndGlobalSection
	GlobalSection(ProjectConfigurationPlatforms) = postSolution
		{9072C8D4-AF7C-4C58-BFBF-0FC494CD5177}.Debug|Win32.ActiveCfg = Debug|Win32
		{9072C8D4-AF7C-4C58-BFBF-0FC494CD5177}.Debug|Win32.Build.0 = Debug|Win32
		{9072C8D4-AF7C-4C58-BFBF-0FC494CD5177}.Release|Win32.ActiveCfg = Release|Win32
		{9072C8D4-AF7C-4C58-BFBF-0FC494CD5177}.Release|Win32.Build.0 = Release|Win32
		{D77323F1-AEDE-4AF1-AC83-BE0E9A0EE253}.Debug|Win32.ActiveCfg = Debug|Win32
		{D77323F1-AEDE-4AF1-AC83-BE0E9A0EE253}.Debug|Win32.Build.0 = Debug|Win32
		{D77323F1-AEDE-4AF1-AC83-BE0E9A0EE253}.Release|Win32.ActiveCfg = Release|Win32
		{D77323F1-AEDE-4AF1-AC83-BE0E9A0EE253}.Release|Win32.Build.0 = Release|Win32
		{1BC6F5E1-F69B-4540-9E08-6C2CB29B2CD2}.Debug|Win32.ActiveCfg = Debug|Win32
		{1BC6F5E1-F69B-4540-9E08-6C2CB29B2CD2}.Debug|Win32.Build.0 = Debug|Win32
		{1BC6F5E1-F69B-4540-9E08-6C2CB29B2CD2}.Release|Win32.ActiveCfg = Release|Win32
		{1BC6F5E1-F69B-4540-9E08-6C2CB29B2CD2}.Release|Win32.Build.0 = Release|Win32
		{926C4E25-EECA-4DFC-BA00-4AA52596E174}.Debug|Win32.ActiveCfg = Debug|Win32
		{926C4E25-EECA-4DFC-BA00-4AA52596E174}.Debug|Win32.Build.0 = Debug|Win32
		{926C4E25-EECA-4DFC-BA00-4AA52596E174}.Release|Win32.ActiveCfg = Release|Win32
		{926C4E25-EECA-4DFC-BA00-4AA52596E174}.Release|Win32.Build.0 = Release|Win32
		{46BE37A3-ED2E-4D50-9CD8-5C174FA357F7}.Debug|Win32.ActiveCfg = Debug|Win32
		{46BE37A3-ED2E-4D50-9CD8-5C174FA357F7}.Debug|Win32.Build.0 = Debug|Win32
		{46BE37A3-ED2E-4D50-9CD8-5C174FA357F7}.Release|Win32.ActiveCfg = Release|Win32
		{46BE37A3-ED2E-4D50-9CD8-5C174FA357F7}.Release|Win32.Build.0 = Release|Win32
	EndGlobalSection
	GlobalSection(SolutionProperties) = preSolution
		HideSolutionNode = FALSE
	EndGlobalSection
EndGlobal
