<?xml version="1.0" encoding="utf-8"?>
<Project ToolsVersion="4.0" xmlns="http://schemas.microsoft.com/developer/msbuild/2003">
  <ItemGroup>
    <ClCompile Include="ConsoleReporter.cpp">
      <Filter>Source Files</Filter>
    </ClCompile>
    <ClCompile Include="Functionality.cpp">
      <Filter>Source Files</Filter>
    </ClCompile>
    <ClCompile Include="MFCTRSui.cpp">
      <Filter>Source Files</Filter>
    </ClCompile>
    <ClCompile Include="MFCTRSuiDlg.cpp">
      <Filter>Source Files</Filter>
    </ClCompile>
    <ClCompile Include="ProjNameEdit.cpp">
      <Filter>Source Files</Filter>
    </ClCompile>
    <ClCompile Include="ProjectProperties.cpp">
      <Filter>Source Files</Filter>
    </ClCompile>
    <ClCompile Include="RunParameters.cpp">
      <Filter>Source Files</Filter>
    </ClCompile>
    <ClCompile Include="stdafx.cpp">
      <Filter>Source Files</Filter>
    </ClCompile>
    <ClCompile Include="RunDialog.cpp">
      <Filter>Source Files</Filter>
    </ClCompile>
    <ClCompile Include="TestInfo.cpp">
      <Filter>Source Files</Filter>
    </ClCompile>
    <ClCompile Include="..\TRSLibrary\TinyXML\tinyxml.cpp">
      <Filter>Source Files</Filter>
    </ClCompile>
    <ClCompile Include="..\TRSLibrary\TinyXML\tinystr.cpp">
      <Filter>Source Files</Filter>
    </ClCompile>
    <ClCompile Include="..\TRSLibrary\TinyXML\tinyxmlerror.cpp">
      <Filter>Source Files</Filter>
    </ClCompile>
    <ClCompile Include="..\TRSLibrary\TinyXML\tinyxmlparser.cpp">
      <Filter>Source Files</Filter>
    </ClCompile>
    <ClCompile Include="ToRunParameters.cpp">
      <Filter>Source Files</Filter>
    </ClCompile>
  </ItemGroup>
  <ItemGroup>
    <ClInclude Include="ConsoleReporter.h">
      <Filter>Header Files</Filter>
    </ClInclude>
    <ClInclude Include="Functionality.h">
      <Filter>Header Files</Filter>
    </ClInclude>
    <ClInclude Include="MFCTRSui.h">
      <Filter>Header Files</Filter>
    </ClInclude>
    <ClInclude Include="MFCTRSuiDlg.h">
      <Filter>Header Files</Filter>
    </ClInclude>
    <ClInclude Include="ProjectProperties.h">
      <Filter>Header Files</Filter>
    </ClInclude>
    <ClInclude Include="ProjNameEdit.h">
      <Filter>Header Files</Filter>
    </ClInclude>
    <ClInclude Include="Resource.h">
      <Filter>Header Files</Filter>
    </ClInclude>
    <ClInclude Include="RunDialog.h">
      <Filter>Header Files</Filter>
    </ClInclude>
    <ClInclude Include="RunParameters.h">
      <Filter>Header Files</Filter>
    </ClInclude>
    <ClInclude Include="stdafx.h">
      <Filter>Header Files</Filter>
    </ClInclude>
    <ClInclude Include="targetver.h">
      <Filter>Header Files</Filter>
    </ClInclude>
    <ClInclude Include="TestInfo.h">
      <Filter>Header Files</Filter>
    </ClInclude>
    <ClInclude Include="..\TRSLibrary\TinyXML\tinystr.h">
      <Filter>Header Files</Filter>
    </ClInclude>
    <ClInclude Include="..\TRSLibrary\TinyXML\tinyxml.h">
      <Filter>Header Files</Filter>
    </ClInclude>
    <ClInclude Include="ToRunParameters.h">
      <Filter>Header Files</Filter>
    </ClInclude>
  </ItemGroup>
  <ItemGroup>
    <Image Include="res\Icons\1470669393_editor-floopy-dish-save-outline-stroke.ico">
      <Filter>Resource Files</Filter>
    </Image>
    <Image Include="res\Icons\1470670281_floppy_disk_save.ico">
      <Filter>Resource Files</Filter>
    </Image>
    <Image Include="res\Icons\1470670514_save_as.ico">
      <Filter>Resource Files</Filter>
    </Image>
    <Image Include="res\Icons\1470672115_command_line_prompt_shell.ico">
      <Filter>Resource Files</Filter>
    </Image>
    <Image Include="res\Icons\1470672433_Add.ico">
      <Filter>Resource Files</Filter>
    </Image>
    <Image Include="res\Icons\1470672719_folder-new.ico">
      <Filter>Resource Files</Filter>
    </Image>
    <Image Include="res\Icons\1470672725_document-open.ico">
      <Filter>Resource Files</Filter>
    </Image>
    <Image Include="res\Icons\1470672980_Cancel.ico">
      <Filter>Resource Files</Filter>
    </Image>
    <Image Include="res\Icons\1470674085_our_process_2.ico">
      <Filter>Resource Files</Filter>
    </Image>
    <Image Include="res\Icons\1470674385_Play.ico">
      <Filter>Resource Files</Filter>
    </Image>
    <Image Include="res\Icons\1470674393_play-triangle-media-shape.ico">
      <Filter>Resource Files</Filter>
    </Image>
    <Image Include="res\Icons\1470675125_stop.ico">
      <Filter>Resource Files</Filter>
    </Image>
    <Image Include="res\Icons\1470675263_add.ico">
      <Filter>Resource Files</Filter>
    </Image>
    <Image Include="res\Icons\1470675274_cross.ico">
      <Filter>Resource Files</Filter>
    </Image>
    <Image Include="res\bitmap1.bmp">
      <Filter>Resource Files</Filter>
    </Image>
    <Image Include="res\bitmap2.bmp">
      <Filter>Resource Files</Filter>
    </Image>
    <Image Include="res\bitmap3.bmp">
      <Filter>Resource Files</Filter>
    </Image>
    <Image Include="res\bitmap4.bmp">
      <Filter>Resource Files</Filter>
    </Image>
    <Image Include="res\bitmap5.bmp">
      <Filter>Resource Files</Filter>
    </Image>
    <Image Include="res\bitmap6.bmp">
      <Filter>Resource Files</Filter>
    </Image>
    <Image Include="res\icon2.ico">
      <Filter>Resource Files</Filter>
    </Image>
    <Image Include="res\MFCTRSui.ico">
      <Filter>Resource Files</Filter>
    </Image>
    <Image Include="res\Icons\Oxygen-Icons.org-Oxygen-Actions-document-save-as.ico">
      <Filter>Resource Files</Filter>
    </Image>
    <Image Include="res\toolbar1.bmp">
      <Filter>Resource Files</Filter>
    </Image>
    <Image Include="res\toolbar3.bmp">
      <Filter>Resource Files</Filter>
    </Image>
  </ItemGroup>
  <ItemGroup>
    <Filter Include="Resource Files">
      <UniqueIdentifier>{e9be5f77-e6fa-4c96-aabc-f073a70a5b0c}</UniqueIdentifier>
    </Filter>
    <Filter Include="Header Files">
      <UniqueIdentifier>{ac800ac3-8390-4044-b491-1bdc5299bf59}</UniqueIdentifier>
    </Filter>
    <Filter Include="Source Files">
      <UniqueIdentifier>{8e502479-65d2-46a2-864e-248ba57da029}</UniqueIdentifier>
    </Filter>
  </ItemGroup>
  <ItemGroup>
    <ResourceCompile Include="MFCTRSui.rc">
      <Filter>Resource Files</Filter>
    </ResourceCompile>
  </ItemGroup>
  <ItemGroup>
    <None Include="res\MFCTRSui.rc2">
      <Filter>Resource Files</Filter>
    </None>
  </ItemGroup>
  <ItemGroup>
    <Text Include="ReadMe.txt">
      <Filter>Resource Files</Filter>
    </Text>
  </ItemGroup>
</Project>