<?xml version="1.0" encoding="utf-8"?>
<Project ToolsVersion="4.0" xmlns="http://schemas.microsoft.com/developer/msbuild/2003">
  <ItemGroup>
    <ClCompile Include="..\TRSLibrary\TinyXML\tinystr.cpp" />
    <ClCompile Include="..\TRSLibrary\TinyXML\tinyxml.cpp" />
    <ClCompile Include="..\TRSLibrary\TinyXML\tinyxmlerror.cpp" />
    <ClCompile Include="..\TRSLibrary\TinyXML\tinyxmlparser.cpp" />
    <ClCompile Include="AddClockDlg.cpp" />
    <ClCompile Include="Clock.cpp" />
    <ClCompile Include="ClockCollection.cpp" />
    <ClCompile Include="ConsoleReporter.cpp" />
    <ClCompile Include="Functionality.cpp" />
    <ClCompile Include="MFCTRSui.cpp" />
    <ClCompile Include="MFCTRSuiDlg.cpp" />
    <ClCompile Include="ProjectProperties.cpp" />
    <ClCompile Include="ProjNameEdit.cpp" />
    <ClCompile Include="RunDialog.cpp" />
    <ClCompile Include="RunParameters.cpp" />
    <ClCompile Include="stdafx.cpp" />
    <ClCompile Include="TestInfo.cpp" />
    <ClCompile Include="TestsTimerDialog.cpp" />
    <ClCompile Include="Time.cpp" />
    <ClCompile Include="TimerADD.cpp" />
    <ClCompile Include="ToRunParameters.cpp" />
    <ClCompile Include="TimerAddCollection.cpp" />
    <ClCompile Include="EditWindow.cpp" />
    <ClCompile Include="AddSuite.cpp" />
  </ItemGroup>
  <ItemGroup>
    <ClInclude Include="..\TRSLibrary\TinyXML\tinystr.h" />
    <ClInclude Include="..\TRSLibrary\TinyXML\tinyxml.h" />
    <ClInclude Include="AddClockDlg.h" />
    <ClInclude Include="Clock.h" />
    <ClInclude Include="ClockCollection.h" />
    <ClInclude Include="ClockInstance.h" />
    <ClInclude Include="ConsoleReporter.h" />
    <ClInclude Include="Functionality.h" />
    <ClInclude Include="MFCTRSui.h" />
    <ClInclude Include="MFCTRSuiDlg.h" />
    <ClInclude Include="ProjectProperties.h" />
    <ClInclude Include="ProjNameEdit.h" />
    <ClInclude Include="Resource.h" />
    <ClInclude Include="RunDialog.h" />
    <ClInclude Include="RunParameters.h" />
    <ClInclude Include="stdafx.h" />
    <ClInclude Include="SuiteRoot.h" />
    <ClInclude Include="targetver.h" />
    <ClInclude Include="TestInfo.h" />
    <ClInclude Include="TestsTimerDialog.h" />
    <ClInclude Include="Time.h" />
    <ClInclude Include="TimerADD.h" />
    <ClInclude Include="ToRunParameters.h" />
    <ClInclude Include="TimerAddCollection.h" />
    <ClInclude Include="TimerStruct.h" />
    <ClInclude Include="EditWindow.h" />
    <ClInclude Include="AddSuite.h" />
  </ItemGroup>
  <ItemGroup>
    <ResourceCompile Include="MFCTRSui.rc" />
  </ItemGroup>
  <ItemGroup>
    <Image Include="res\bitmap1.bmp" />
    <Image Include="res\bitmap2.bmp" />
    <Image Include="res\bitmap3.bmp" />
    <Image Include="res\bitmap4.bmp" />
    <Image Include="res\bitmap5.bmp" />
    <Image Include="res\bitmap6.bmp" />
    <Image Include="res\icon2.ico" />
    <Image Include="res\Icons\1470669393_editor-floopy-dish-save-outline-stroke.ico" />
    <Image Include="res\Icons\1470670281_floppy_disk_save.ico" />
    <Image Include="res\Icons\1470670514_save_as.ico" />
    <Image Include="res\Icons\1470672115_command_line_prompt_shell.ico" />
    <Image Include="res\Icons\1470672433_Add.ico" />
    <Image Include="res\Icons\1470672719_folder-new.ico" />
    <Image Include="res\Icons\1470672725_document-open.ico" />
    <Image Include="res\Icons\1470672980_Cancel.ico" />
    <Image Include="res\Icons\1470674085_our_process_2.ico" />
    <Image Include="res\Icons\1470674385_Play.ico" />
    <Image Include="res\Icons\1470674393_play-triangle-media-shape.ico" />
    <Image Include="res\Icons\1470675125_stop.ico" />
    <Image Include="res\Icons\1470675263_add.ico" />
    <Image Include="res\Icons\1470675274_cross.ico" />
    <Image Include="res\Icons\1471017338_view-refresh.ico" />
    <Image Include="res\Icons\1471292581_calendar-clock.ico" />
    <Image Include="res\Icons\1471293182_Increase_time.ico" />
    <Image Include="res\Icons\favicon.ico" />
    <Image Include="res\icons\icon15.ico" />
    <Image Include="res\Icons\Oxygen-Icons.org-Oxygen-Actions-document-save-as.ico" />
    <Image Include="res\MFCTRSui.ico" />
    <Image Include="res\toolbar1.bmp" />
    <Image Include="res\toolbar3.bmp" />
  </ItemGroup>
  <ItemGroup>
    <None Include="res\MFCTRSui.rc2" />
  </ItemGroup>
  <ItemGroup>
    <Text Include="ReadMe.txt" />
  </ItemGroup>
</Project>