<?xml version="1.0" encoding="utf-8"?>
<Project ToolsVersion="4.0" xmlns="http://schemas.microsoft.com/developer/msbuild/2003">
  <ItemGroup>
    <ClCompile Include="..\TRSLibrary\TinyXML\tinystr.cpp" />
    <ClCompile Include="..\TRSLibrary\TinyXML\tinyxml.cpp" />
    <ClCompile Include="..\TRSLibrary\TinyXML\tinyxmlerror.cpp" />
    <ClCompile Include="..\TRSLibrary\TinyXML\tinyxmlparser.cpp" />
    <ClCompile Include="ConsoleReporter.cpp" />
    <ClCompile Include="Functionality.cpp" />
    <ClCompile Include="MFCTRSui.cpp" />
    <ClCompile Include="MFCTRSuiDlg.cpp" />
    <ClCompile Include="ProjectProperties.cpp" />
    <ClCompile Include="ProjNameEdit.cpp" />
    <ClCompile Include="RunDialog.cpp" />
    <ClCompile Include="RunParameters.cpp" />
    <ClCompile Include="stdafx.cpp" />
    <ClCompile Include="ToRunParameters.cpp" />
  </ItemGroup>
  <ItemGroup>
    <ClInclude Include="ConsoleReporter.h">
      <Filter>Header Files</Filter>
    </ClInclude>
    <ClInclude Include="Functionality.h">
      <Filter>Header Files</Filter>
    </ClInclude>
    <ClInclude Include="MFCTRSui.h">
      <Filter>Header Files</Filter>
    </ClInclude>
    <ClInclude Include="MFCTRSuiDlg.h">
      <Filter>Header Files</Filter>
    </ClInclude>
    <ClInclude Include="ProjNameEdit.h">
      <Filter>Header Files</Filter>
    </ClInclude>
    <ClInclude Include="ProjectProperties.h">
      <Filter>Header Files</Filter>
    </ClInclude>
    <ClInclude Include="Resource.h">
      <Filter>Header Files</Filter>
    </ClInclude>
    <ClInclude Include="RunDialog.h">
      <Filter>Header Files</Filter>
    </ClInclude>
    <ClInclude Include="RunParameters.h">
      <Filter>Header Files</Filter>
    </ClInclude>
    <ClInclude Include="stdafx.h">
      <Filter>Header Files</Filter>
    </ClInclude>
    <ClInclude Include="targetver.h">
      <Filter>Header Files</Filter>
    </ClInclude>
    <ClInclude Include="..\TRSLibrary\TinyXML\tinystr.h">
      <Filter>Header Files</Filter>
    </ClInclude>
    <ClInclude Include="..\TRSLibrary\TinyXML\tinyxml.h">
      <Filter>Header Files</Filter>
    </ClInclude>
    <ClInclude Include="ToRunParameters.h">
      <Filter>Header Files</Filter>
    </ClInclude>
  </ItemGroup>
  <ItemGroup>
    <Image Include="C:\Users\oleh.onyshchak\Desktop\Icons\1470668670_Security_guard.ico">
      <Filter>Resource Files</Filter>
    </Image>
    <Image Include="C:\Users\oleh.onyshchak\Desktop\Icons\1470668899_editor-notebook-add-new-outline-stroke.ico">
      <Filter>Resource Files</Filter>
    </Image>
    <Image Include="C:\Users\oleh.onyshchak\Desktop\Icons\1470668925_editor-document-file-add-2-outline-stroke.ico">
      <Filter>Resource Files</Filter>
    </Image>
    <Image Include="C:\Users\oleh.onyshchak\Desktop\Icons\1470668967_editor-folder-add-glyph.ico">
      <Filter>Resource Files</Filter>
    </Image>
    <Image Include="C:\Users\oleh.onyshchak\Desktop\Icons\1470669393_editor-floopy-dish-save-outline-stroke.ico">
      <Filter>Resource Files</Filter>
    </Image>
    <Image Include="C:\Users\oleh.onyshchak\Desktop\Icons\1470669402_BT_save.ico">
      <Filter>Resource Files</Filter>
    </Image>
    <Image Include="res\Icons\1470670281_floppy_disk_save.ico">
      <Filter>Resource Files</Filter>
    </Image>
    <Image Include="res\Icons\1470669393_editor-floopy-dish-save-outline-stroke.ico">
      <Filter>Resource Files</Filter>
    </Image>
    <Image Include="C:\Users\oleh.onyshchak\Desktop\Icons\1470670281_floppy_disk_save.ico">
      <Filter>Resource Files</Filter>
    </Image>
    <Image Include="res\Icons\1470670514_save_as.ico">
      <Filter>Resource Files</Filter>
    </Image>
    <Image Include="C:\Users\oleh.onyshchak\Desktop\Icons\1470670514_save_as.ico">
      <Filter>Resource Files</Filter>
    </Image>
    <Image Include="C:\Users\oleh.onyshchak\Desktop\Icons\1470672115_command_line_prompt_shell.ico">
      <Filter>Resource Files</Filter>
    </Image>
    <Image Include="res\Icons\1470672115_command_line_prompt_shell.ico">
      <Filter>Resource Files</Filter>
    </Image>
    <Image Include="C:\Users\oleh.onyshchak\Desktop\Icons\1470672123_hammer_tool.ico">
      <Filter>Resource Files</Filter>
    </Image>
    <Image Include="res\Icons\1470672433_Add.ico">
      <Filter>Resource Files</Filter>
    </Image>
    <Image Include="C:\Users\oleh.onyshchak\Desktop\Icons\1470672433_Add.ico">
      <Filter>Resource Files</Filter>
    </Image>
    <Image Include="C:\Users\oleh.onyshchak\Desktop\Icons\1470672719_folder-new.ico">
      <Filter>Resource Files</Filter>
    </Image>
    <Image Include="res\Icons\1470672719_folder-new.ico">
      <Filter>Resource Files</Filter>
    </Image>
    <Image Include="C:\Users\oleh.onyshchak\Desktop\Icons\1470672725_document-open.ico">
      <Filter>Resource Files</Filter>
    </Image>
    <Image Include="res\Icons\1470672725_document-open.ico">
      <Filter>Resource Files</Filter>
    </Image>
    <Image Include="res\Icons\1470672980_Cancel.ico">
      <Filter>Resource Files</Filter>
    </Image>
    <Image Include="C:\Users\oleh.onyshchak\Desktop\Icons\1470672980_Cancel.ico">
      <Filter>Resource Files</Filter>
    </Image>
    <Image Include="C:\Users\oleh.onyshchak\Desktop\Icons\1470672980_Cancel1111.bmp">
      <Filter>Resource Files</Filter>
    </Image>
    <Image Include="C:\Users\oleh.onyshchak\Desktop\Icons\1470672980_Cancel1111.ico">
      <Filter>Resource Files</Filter>
    </Image>
    <Image Include="C:\Users\oleh.onyshchak\Desktop\Icons\1470674085_our_process_2.ico">
      <Filter>Resource Files</Filter>
    </Image>
    <Image Include="res\Icons\1470674085_our_process_2.ico">
      <Filter>Resource Files</Filter>
    </Image>
    <Image Include="C:\Users\oleh.onyshchak\Desktop\Icons\1470674240_Play.ico">
      <Filter>Resource Files</Filter>
    </Image>
    <Image Include="res\Icons\1470674385_Play.ico">
      <Filter>Resource Files</Filter>
    </Image>
    <Image Include="C:\Users\oleh.onyshchak\Desktop\Icons\1470674385_Play.ico">
      <Filter>Resource Files</Filter>
    </Image>
    <Image Include="res\Icons\1470674393_play-triangle-media-shape.ico">
      <Filter>Resource Files</Filter>
    </Image>
    <Image Include="C:\Users\oleh.onyshchak\Desktop\Icons\1470674393_play-triangle-media-shape.ico">
      <Filter>Resource Files</Filter>
    </Image>
    <Image Include="C:\Users\oleh.onyshchak\Desktop\Icons\1470675125_stop.ico">
      <Filter>Resource Files</Filter>
    </Image>
    <Image Include="res\Icons\1470675125_stop.ico">
      <Filter>Resource Files</Filter>
    </Image>
    <Image Include="C:\Users\oleh.onyshchak\Desktop\Icons\1470675263_add.ico">
      <Filter>Resource Files</Filter>
    </Image>
    <Image Include="res\Icons\1470675263_add.ico">
      <Filter>Resource Files</Filter>
    </Image>
    <Image Include="res\Icons\1470675274_cross.ico">
      <Filter>Resource Files</Filter>
    </Image>
    <Image Include="C:\Users\oleh.onyshchak\Desktop\Icons\1470675274_cross.ico">
      <Filter>Resource Files</Filter>
    </Image>
    <Image Include="C:\Users\oleh.onyshchak\Desktop\Artdesigner-Fliraneo-Photo.ico">
      <Filter>Resource Files</Filter>
    </Image>
    <Image Include="res\bitmap1.bmp">
      <Filter>Resource Files</Filter>
    </Image>
    <Image Include="res\bitmap2.bmp">
      <Filter>Resource Files</Filter>
    </Image>
    <Image Include="res\icon2.ico">
      <Filter>Resource Files</Filter>
    </Image>
    <Image Include="res\MFCTRSui.ico">
      <Filter>Resource Files</Filter>
    </Image>
    <Image Include="res\Icons\Oxygen-Icons.org-Oxygen-Actions-document-save-as.ico">
      <Filter>Resource Files</Filter>
    </Image>
    <Image Include="C:\Users\oleh.onyshchak\Desktop\Icons\Oxygen-Icons.org-Oxygen-Actions-document-save-as.ico">
      <Filter>Resource Files</Filter>
    </Image>
    <Image Include="C:\Users\oleh.onyshchak\Desktop\Icons\Oxygen-Icons.org-Oxygen-Actions-folder-new.ico">
      <Filter>Resource Files</Filter>
    </Image>
    <Image Include="res\toolbar1.bmp">
      <Filter>Resource Files</Filter>
    </Image>
    <Image Include="res\toolbar3.bmp">
      <Filter>Resource Files</Filter>
    </Image>
  </ItemGroup>
  <ItemGroup>
    <Text Include="ReadMe.txt" />
  </ItemGroup>
  <ItemGroup>
    <Filter Include="Resource Files">
      <UniqueIdentifier>{03370e87-211a-4fea-a15c-5c3b6a291071}</UniqueIdentifier>
    </Filter>
    <Filter Include="Header Files">
      <UniqueIdentifier>{8631763c-ea21-4055-91a4-b73d6d8c1240}</UniqueIdentifier>
    </Filter>
  </ItemGroup>
  <ItemGroup>
    <ResourceCompile Include="MFCTRSui.rc">
      <Filter>Resource Files</Filter>
    </ResourceCompile>
  </ItemGroup>
  <ItemGroup>
    <None Include="res\MFCTRSui.rc2">
      <Filter>Resource Files</Filter>
    </None>
  </ItemGroup>
</Project>